github.com/axgle/mahonia v0.0.0-20180208002826-3358181d7394 h1:OYA+5W64v3OgClL+IrOD63t4i/RW7RqrAVl9LTZ9UqQ=
github.com/axgle/mahonia v0.0.0-20180208002826-3358181d7394/go.mod h1:Q8n74mJTIgjX4RBBcHnJ05h//6/k6foqmgE45jTQtxg=
github.com/duanhunyiye/keyboard/listener v0.0.0-20200113011522-d059349d2864 h1:/V+P1cBRUFhEbT8fDsQpM7Xgp5RFfW4AMRwbmmEiVq4=
github.com/duanhunyiye/keyboard/listener v0.0.0-20200113011522-d059349d2864/go.mod h1:VcRVeflWnIN52JhcAb8BdbGCvQOsQpeVmijNHs+Zs4I=
